// !$*UTF8*$!
{
	archiveVersion = 1;
	classes = {
	};
	objectVersion = 50;
	objects = {

/* Begin PBXBuildFile section */
		08481F8AC0281BB96003215B /* Pods_Ciklum.framework in Frameworks */ = {isa = PBXBuildFile; fileRef = B7507907AC9D3551DEED3DDD /* Pods_Ciklum.framework */; };
		663B2779223E51E90077728B /* ProfileViewController.swift in Sources */ = {isa = PBXBuildFile; fileRef = 663B2778223E51E90077728B /* ProfileViewController.swift */; };
		663B277B223E521D0077728B /* Profile.storyboard in Resources */ = {isa = PBXBuildFile; fileRef = 663B277A223E521D0077728B /* Profile.storyboard */; };
		663B277E223E52460077728B /* ProfileViewModel.swift in Sources */ = {isa = PBXBuildFile; fileRef = 663B277D223E52460077728B /* ProfileViewModel.swift */; };
		663B2783223E52D90077728B /* ProfileView.swift in Sources */ = {isa = PBXBuildFile; fileRef = 663B2782223E52D90077728B /* ProfileView.swift */; };
		663B2786223E53940077728B /* Api.swift in Sources */ = {isa = PBXBuildFile; fileRef = 663B2785223E53940077728B /* Api.swift */; };
		663B2788223E553F0077728B /* ProfileApi.swift in Sources */ = {isa = PBXBuildFile; fileRef = 663B2787223E553F0077728B /* ProfileApi.swift */; };
		663B278D223E5C7C0077728B /* RequestStaste.swift in Sources */ = {isa = PBXBuildFile; fileRef = 663B278C223E5C7C0077728B /* RequestStaste.swift */; };
		663B278F223E5CDA0077728B /* ResponseState.swift in Sources */ = {isa = PBXBuildFile; fileRef = 663B278E223E5CDA0077728B /* ResponseState.swift */; };
		663B2791223E66330077728B /* User.swift in Sources */ = {isa = PBXBuildFile; fileRef = 663B2790223E66330077728B /* User.swift */; };
		663B2793223E66580077728B /* Thread.swift in Sources */ = {isa = PBXBuildFile; fileRef = 663B2792223E66580077728B /* Thread.swift */; };
		663B2795223E66A40077728B /* Name.swift in Sources */ = {isa = PBXBuildFile; fileRef = 663B2794223E66A40077728B /* Name.swift */; };
		663B2797223E67970077728B /* Picture.swift in Sources */ = {isa = PBXBuildFile; fileRef = 663B2796223E67970077728B /* Picture.swift */; };
		663B2799223E6E0B0077728B /* Date.swift in Sources */ = {isa = PBXBuildFile; fileRef = 663B2798223E6E0B0077728B /* Date.swift */; };
		663B279C223E72140077728B /* Location.swift in Sources */ = {isa = PBXBuildFile; fileRef = 663B279B223E72140077728B /* Location.swift */; };
		663B279E223E74920077728B /* Alamofire + Extension.swift in Sources */ = {isa = PBXBuildFile; fileRef = 663B279D223E74920077728B /* Alamofire + Extension.swift */; };
		663B27A4223E81590077728B /* UserDataCell.swift in Sources */ = {isa = PBXBuildFile; fileRef = 663B27A2223E81590077728B /* UserDataCell.swift */; };
		663B27A5223E81590077728B /* UserDataCell.xib in Resources */ = {isa = PBXBuildFile; fileRef = 663B27A3223E81590077728B /* UserDataCell.xib */; };
		663B27A7223EBEFC0077728B /* Collection.swift in Sources */ = {isa = PBXBuildFile; fileRef = 663B27A6223EBEFC0077728B /* Collection.swift */; };
		66E95805223E4C7500AB7432 /* AppDelegate.swift in Sources */ = {isa = PBXBuildFile; fileRef = 66E95804223E4C7500AB7432 /* AppDelegate.swift */; };
		66E9580C223E4C7600AB7432 /* Assets.xcassets in Resources */ = {isa = PBXBuildFile; fileRef = 66E9580B223E4C7600AB7432 /* Assets.xcassets */; };
		66E9580F223E4C7600AB7432 /* LaunchScreen.storyboard in Resources */ = {isa = PBXBuildFile; fileRef = 66E9580D223E4C7600AB7432 /* LaunchScreen.storyboard */; };
/* End PBXBuildFile section */

/* Begin PBXFileReference section */
		5A7328FA489D548F9566632D /* Pods-Ciklum.release.xcconfig */ = {isa = PBXFileReference; includeInIndex = 1; lastKnownFileType = text.xcconfig; name = "Pods-Ciklum.release.xcconfig"; path = "Target Support Files/Pods-Ciklum/Pods-Ciklum.release.xcconfig"; sourceTree = "<group>"; };
		663B2778223E51E90077728B /* ProfileViewController.swift */ = {isa = PBXFileReference; lastKnownFileType = sourcecode.swift; path = ProfileViewController.swift; sourceTree = "<group>"; };
		663B277A223E521D0077728B /* Profile.storyboard */ = {isa = PBXFileReference; lastKnownFileType = file.storyboard; path = Profile.storyboard; sourceTree = "<group>"; };
		663B277D223E52460077728B /* ProfileViewModel.swift */ = {isa = PBXFileReference; lastKnownFileType = sourcecode.swift; path = ProfileViewModel.swift; sourceTree = "<group>"; };
		663B2782223E52D90077728B /* ProfileView.swift */ = {isa = PBXFileReference; lastKnownFileType = sourcecode.swift; path = ProfileView.swift; sourceTree = "<group>"; };
		663B2785223E53940077728B /* Api.swift */ = {isa = PBXFileReference; lastKnownFileType = sourcecode.swift; path = Api.swift; sourceTree = "<group>"; };
		663B2787223E553F0077728B /* ProfileApi.swift */ = {isa = PBXFileReference; lastKnownFileType = sourcecode.swift; path = ProfileApi.swift; sourceTree = "<group>"; };
		663B278C223E5C7C0077728B /* RequestStaste.swift */ = {isa = PBXFileReference; lastKnownFileType = sourcecode.swift; path = RequestStaste.swift; sourceTree = "<group>"; };
		663B278E223E5CDA0077728B /* ResponseState.swift */ = {isa = PBXFileReference; lastKnownFileType = sourcecode.swift; path = ResponseState.swift; sourceTree = "<group>"; };
		663B2790223E66330077728B /* User.swift */ = {isa = PBXFileReference; lastKnownFileType = sourcecode.swift; path = User.swift; sourceTree = "<group>"; };
		663B2792223E66580077728B /* Thread.swift */ = {isa = PBXFileReference; lastKnownFileType = sourcecode.swift; path = Thread.swift; sourceTree = "<group>"; };
		663B2794223E66A40077728B /* Name.swift */ = {isa = PBXFileReference; lastKnownFileType = sourcecode.swift; path = Name.swift; sourceTree = "<group>"; };
		663B2796223E67970077728B /* Picture.swift */ = {isa = PBXFileReference; lastKnownFileType = sourcecode.swift; path = Picture.swift; sourceTree = "<group>"; };
		663B2798223E6E0B0077728B /* Date.swift */ = {isa = PBXFileReference; lastKnownFileType = sourcecode.swift; path = Date.swift; sourceTree = "<group>"; };
		663B279B223E72140077728B /* Location.swift */ = {isa = PBXFileReference; lastKnownFileType = sourcecode.swift; path = Location.swift; sourceTree = "<group>"; };
		663B279D223E74920077728B /* Alamofire + Extension.swift */ = {isa = PBXFileReference; lastKnownFileType = sourcecode.swift; path = "Alamofire + Extension.swift"; sourceTree = "<group>"; };
		663B27A2223E81590077728B /* UserDataCell.swift */ = {isa = PBXFileReference; lastKnownFileType = sourcecode.swift; path = UserDataCell.swift; sourceTree = "<group>"; };
		663B27A3223E81590077728B /* UserDataCell.xib */ = {isa = PBXFileReference; lastKnownFileType = file.xib; path = UserDataCell.xib; sourceTree = "<group>"; };
		663B27A6223EBEFC0077728B /* Collection.swift */ = {isa = PBXFileReference; lastKnownFileType = sourcecode.swift; path = Collection.swift; sourceTree = "<group>"; };
		66E95801223E4C7500AB7432 /* Ciklum.app */ = {isa = PBXFileReference; explicitFileType = wrapper.application; includeInIndex = 0; path = Ciklum.app; sourceTree = BUILT_PRODUCTS_DIR; };
		66E95804223E4C7500AB7432 /* AppDelegate.swift */ = {isa = PBXFileReference; lastKnownFileType = sourcecode.swift; path = AppDelegate.swift; sourceTree = "<group>"; };
		66E9580B223E4C7600AB7432 /* Assets.xcassets */ = {isa = PBXFileReference; lastKnownFileType = folder.assetcatalog; path = Assets.xcassets; sourceTree = "<group>"; };
		66E9580E223E4C7600AB7432 /* Base */ = {isa = PBXFileReference; lastKnownFileType = file.storyboard; name = Base; path = Base.lproj/LaunchScreen.storyboard; sourceTree = "<group>"; };
		66E95810223E4C7600AB7432 /* Info.plist */ = {isa = PBXFileReference; lastKnownFileType = text.plist.xml; path = Info.plist; sourceTree = "<group>"; };
		B7507907AC9D3551DEED3DDD /* Pods_Ciklum.framework */ = {isa = PBXFileReference; explicitFileType = wrapper.framework; includeInIndex = 0; path = Pods_Ciklum.framework; sourceTree = BUILT_PRODUCTS_DIR; };
		DFC9A7143762F9BDEDF5A032 /* Pods-Ciklum.debug.xcconfig */ = {isa = PBXFileReference; includeInIndex = 1; lastKnownFileType = text.xcconfig; name = "Pods-Ciklum.debug.xcconfig"; path = "Target Support Files/Pods-Ciklum/Pods-Ciklum.debug.xcconfig"; sourceTree = "<group>"; };
/* End PBXFileReference section */

/* Begin PBXFrameworksBuildPhase section */
		66E957FE223E4C7500AB7432 /* Frameworks */ = {
			isa = PBXFrameworksBuildPhase;
			buildActionMask = 2147483647;
			files = (
				08481F8AC0281BB96003215B /* Pods_Ciklum.framework in Frameworks */,
			);
			runOnlyForDeploymentPostprocessing = 0;
		};
/* End PBXFrameworksBuildPhase section */

/* Begin PBXGroup section */
		663B2773223E4D2D0077728B /* Code */ = {
			isa = PBXGroup;
			children = (
				663B2789223E5C4A0077728B /* Common */,
				663B278A223E5C510077728B /* Domain */,
				663B2784223E53840077728B /* Api */,
				663B2781223E52CA0077728B /* Protocols */,
				663B277C223E522E0077728B /* View models */,
				663B2774223E51930077728B /* Controllers */,
				663B2780223E52650077728B /* Views */,
			);
			path = Code;
			sourceTree = "<group>";
		};
		663B2774223E51930077728B /* Controllers */ = {
			isa = PBXGroup;
			children = (
				663B2777223E51B10077728B /* Profile */,
			);
			path = Controllers;
			sourceTree = "<group>";
		};
		663B2777223E51B10077728B /* Profile */ = {
			isa = PBXGroup;
			children = (
				663B2778223E51E90077728B /* ProfileViewController.swift */,
				663B277A223E521D0077728B /* Profile.storyboard */,
			);
			path = Profile;
			sourceTree = "<group>";
		};
		663B277C223E522E0077728B /* View models */ = {
			isa = PBXGroup;
			children = (
				663B277D223E52460077728B /* ProfileViewModel.swift */,
			);
			path = "View models";
			sourceTree = "<group>";
		};
		663B2780223E52650077728B /* Views */ = {
			isa = PBXGroup;
			children = (
				663B27A0223E811C0077728B /* UITableViewCells */,
			);
			path = Views;
			sourceTree = "<group>";
		};
		663B2781223E52CA0077728B /* Protocols */ = {
			isa = PBXGroup;
			children = (
				663B2782223E52D90077728B /* ProfileView.swift */,
			);
			path = Protocols;
			sourceTree = "<group>";
		};
		663B2784223E53840077728B /* Api */ = {
			isa = PBXGroup;
			children = (
				663B2785223E53940077728B /* Api.swift */,
				663B2787223E553F0077728B /* ProfileApi.swift */,
				663B279D223E74920077728B /* Alamofire + Extension.swift */,
			);
			path = Api;
			sourceTree = "<group>";
		};
		663B2789223E5C4A0077728B /* Common */ = {
			isa = PBXGroup;
			children = (
				663B2792223E66580077728B /* Thread.swift */,
				663B279A223E6E0E0077728B /* Extensions */,
			);
			path = Common;
			sourceTree = "<group>";
		};
		663B278A223E5C510077728B /* Domain */ = {
			isa = PBXGroup;
			children = (
				663B278B223E5C660077728B /* Model */,
			);
			path = Domain;
			sourceTree = "<group>";
		};
		663B278B223E5C660077728B /* Model */ = {
			isa = PBXGroup;
			children = (
				663B278C223E5C7C0077728B /* RequestStaste.swift */,
				663B278E223E5CDA0077728B /* ResponseState.swift */,
				663B2790223E66330077728B /* User.swift */,
				663B2794223E66A40077728B /* Name.swift */,
				663B2796223E67970077728B /* Picture.swift */,
				663B279B223E72140077728B /* Location.swift */,
			);
			path = Model;
			sourceTree = "<group>";
		};
		663B279A223E6E0E0077728B /* Extensions */ = {
			isa = PBXGroup;
			children = (
				663B2798223E6E0B0077728B /* Date.swift */,
				663B27A6223EBEFC0077728B /* Collection.swift */,
			);
			path = Extensions;
			sourceTree = "<group>";
		};
		663B27A0223E811C0077728B /* UITableViewCells */ = {
			isa = PBXGroup;
			children = (
				663B27A1223E813D0077728B /* User data */,
			);
			path = UITableViewCells;
			sourceTree = "<group>";
		};
		663B27A1223E813D0077728B /* User data */ = {
			isa = PBXGroup;
			children = (
				663B27A2223E81590077728B /* UserDataCell.swift */,
				663B27A3223E81590077728B /* UserDataCell.xib */,
			);
			path = "User data";
			sourceTree = "<group>";
		};
		669E8325838900A1FF12B1CE /* Frameworks */ = {
			isa = PBXGroup;
			children = (
				B7507907AC9D3551DEED3DDD /* Pods_Ciklum.framework */,
			);
			name = Frameworks;
			sourceTree = "<group>";
		};
		66E957F8223E4C7500AB7432 = {
			isa = PBXGroup;
			children = (
				66E95803223E4C7500AB7432 /* Ciklum */,
				66E95802223E4C7500AB7432 /* Products */,
				F09F6E2601B0FA358A716379 /* Pods */,
				669E8325838900A1FF12B1CE /* Frameworks */,
			);
			sourceTree = "<group>";
		};
		66E95802223E4C7500AB7432 /* Products */ = {
			isa = PBXGroup;
			children = (
				66E95801223E4C7500AB7432 /* Ciklum.app */,
			);
			name = Products;
			sourceTree = "<group>";
		};
		66E95803223E4C7500AB7432 /* Ciklum */ = {
			isa = PBXGroup;
			children = (
				66E95804223E4C7500AB7432 /* AppDelegate.swift */,
				66E9580B223E4C7600AB7432 /* Assets.xcassets */,
				66E95810223E4C7600AB7432 /* Info.plist */,
				66E9580D223E4C7600AB7432 /* LaunchScreen.storyboard */,
				663B2773223E4D2D0077728B /* Code */,
			);
			path = Ciklum;
			sourceTree = "<group>";
		};
		F09F6E2601B0FA358A716379 /* Pods */ = {
			isa = PBXGroup;
			children = (
				DFC9A7143762F9BDEDF5A032 /* Pods-Ciklum.debug.xcconfig */,
				5A7328FA489D548F9566632D /* Pods-Ciklum.release.xcconfig */,
			);
			path = Pods;
			sourceTree = "<group>";
		};
/* End PBXGroup section */

/* Begin PBXNativeTarget section */
		66E95800223E4C7500AB7432 /* Ciklum */ = {
			isa = PBXNativeTarget;
			buildConfigurationList = 66E95813223E4C7600AB7432 /* Build configuration list for PBXNativeTarget "Ciklum" */;
			buildPhases = (
				7EE75B681A56CD30154A017D /* [CP] Check Pods Manifest.lock */,
				66E957FD223E4C7500AB7432 /* Sources */,
				66E957FE223E4C7500AB7432 /* Frameworks */,
				66E957FF223E4C7500AB7432 /* Resources */,
				C1CFEB019814DBCE9E9F57A9 /* [CP] Embed Pods Frameworks */,
			);
			buildRules = (
			);
			dependencies = (
			);
			name = Ciklum;
			productName = Ciklum;
			productReference = 66E95801223E4C7500AB7432 /* Ciklum.app */;
			productType = "com.apple.product-type.application";
		};
/* End PBXNativeTarget section */

/* Begin PBXProject section */
		66E957F9223E4C7500AB7432 /* Project object */ = {
			isa = PBXProject;
			attributes = {
				LastSwiftUpdateCheck = 1010;
				LastUpgradeCheck = 1010;
				ORGANIZATIONNAME = "Mikael Melkonyan";
				TargetAttributes = {
					66E95800223E4C7500AB7432 = {
						CreatedOnToolsVersion = 10.1;
					};
				};
			};
			buildConfigurationList = 66E957FC223E4C7500AB7432 /* Build configuration list for PBXProject "Ciklum" */;
			compatibilityVersion = "Xcode 9.3";
			developmentRegion = en;
			hasScannedForEncodings = 0;
			knownRegions = (
				en,
				Base,
			);
			mainGroup = 66E957F8223E4C7500AB7432;
			productRefGroup = 66E95802223E4C7500AB7432 /* Products */;
			projectDirPath = "";
			projectRoot = "";
			targets = (
				66E95800223E4C7500AB7432 /* Ciklum */,
			);
		};
/* End PBXProject section */

/* Begin PBXResourcesBuildPhase section */
		66E957FF223E4C7500AB7432 /* Resources */ = {
			isa = PBXResourcesBuildPhase;
			buildActionMask = 2147483647;
			files = (
				66E9580F223E4C7600AB7432 /* LaunchScreen.storyboard in Resources */,
				66E9580C223E4C7600AB7432 /* Assets.xcassets in Resources */,
				663B27A5223E81590077728B /* UserDataCell.xib in Resources */,
				663B277B223E521D0077728B /* Profile.storyboard in Resources */,
			);
			runOnlyForDeploymentPostprocessing = 0;
		};
/* End PBXResourcesBuildPhase section */

/* Begin PBXShellScriptBuildPhase section */
		7EE75B681A56CD30154A017D /* [CP] Check Pods Manifest.lock */ = {
			isa = PBXShellScriptBuildPhase;
			buildActionMask = 2147483647;
			files = (
			);
			inputFileListPaths = (
			);
			inputPaths = (
				"${PODS_PODFILE_DIR_PATH}/Podfile.lock",
				"${PODS_ROOT}/Manifest.lock",
			);
			name = "[CP] Check Pods Manifest.lock";
			outputFileListPaths = (
			);
			outputPaths = (
				"$(DERIVED_FILE_DIR)/Pods-Ciklum-checkManifestLockResult.txt",
			);
			runOnlyForDeploymentPostprocessing = 0;
			shellPath = /bin/sh;
			shellScript = "diff \"${PODS_PODFILE_DIR_PATH}/Podfile.lock\" \"${PODS_ROOT}/Manifest.lock\" > /dev/null\nif [ $? != 0 ] ; then\n    # print error to STDERR\n    echo \"error: The sandbox is not in sync with the Podfile.lock. Run 'pod install' or update your CocoaPods installation.\" >&2\n    exit 1\nfi\n# This output is used by Xcode 'outputs' to avoid re-running this script phase.\necho \"SUCCESS\" > \"${SCRIPT_OUTPUT_FILE_0}\"\n";
			showEnvVarsInLog = 0;
		};
		C1CFEB019814DBCE9E9F57A9 /* [CP] Embed Pods Frameworks */ = {
			isa = PBXShellScriptBuildPhase;
			buildActionMask = 2147483647;
			files = (
			);
			inputFileListPaths = (
			);
			inputPaths = (
				"${PODS_ROOT}/Target Support Files/Pods-Ciklum/Pods-Ciklum-frameworks.sh",
				"${BUILT_PRODUCTS_DIR}/Alamofire/Alamofire.framework",
				"${BUILT_PRODUCTS_DIR}/AlamofireImage/AlamofireImage.framework",
				"${BUILT_PRODUCTS_DIR}/SwiftyJSON/SwiftyJSON.framework",
			);
			name = "[CP] Embed Pods Frameworks";
			outputFileListPaths = (
			);
			outputPaths = (
				"${TARGET_BUILD_DIR}/${FRAMEWORKS_FOLDER_PATH}/Alamofire.framework",
				"${TARGET_BUILD_DIR}/${FRAMEWORKS_FOLDER_PATH}/AlamofireImage.framework",
				"${TARGET_BUILD_DIR}/${FRAMEWORKS_FOLDER_PATH}/SwiftyJSON.framework",
			);
			runOnlyForDeploymentPostprocessing = 0;
			shellPath = /bin/sh;
			shellScript = "\"${PODS_ROOT}/Target Support Files/Pods-Ciklum/Pods-Ciklum-frameworks.sh\"\n";
			showEnvVarsInLog = 0;
		};
/* End PBXShellScriptBuildPhase section */

/* Begin PBXSourcesBuildPhase section */
		66E957FD223E4C7500AB7432 /* Sources */ = {
			isa = PBXSourcesBuildPhase;
			buildActionMask = 2147483647;
			files = (
				663B2797223E67970077728B /* Picture.swift in Sources */,
				663B2795223E66A40077728B /* Name.swift in Sources */,
				663B27A7223EBEFC0077728B /* Collection.swift in Sources */,
				663B2788223E553F0077728B /* ProfileApi.swift in Sources */,
				663B2793223E66580077728B /* Thread.swift in Sources */,
				663B2779223E51E90077728B /* ProfileViewController.swift in Sources */,
				663B2783223E52D90077728B /* ProfileView.swift in Sources */,
				663B27A4223E81590077728B /* UserDataCell.swift in Sources */,
				663B279C223E72140077728B /* Location.swift in Sources */,
				663B279E223E74920077728B /* Alamofire + Extension.swift in Sources */,
				663B277E223E52460077728B /* ProfileViewModel.swift in Sources */,
				663B278D223E5C7C0077728B /* RequestStaste.swift in Sources */,
				663B2791223E66330077728B /* User.swift in Sources */,
				663B2786223E53940077728B /* Api.swift in Sources */,
				663B278F223E5CDA0077728B /* ResponseState.swift in Sources */,
				663B2799223E6E0B0077728B /* Date.swift in Sources */,
				66E95805223E4C7500AB7432 /* AppDelegate.swift in Sources */,
			);
			runOnlyForDeploymentPostprocessing = 0;
		};
/* End PBXSourcesBuildPhase section */

/* Begin PBXVariantGroup section */
		66E9580D223E4C7600AB7432 /* LaunchScreen.storyboard */ = {
			isa = PBXVariantGroup;
			children = (
				66E9580E223E4C7600AB7432 /* Base */,
			);
			name = LaunchScreen.storyboard;
			sourceTree = "<group>";
		};
/* End PBXVariantGroup section */

/* Begin XCBuildConfiguration section */
		66E95811223E4C7600AB7432 /* Debug */ = {
			isa = XCBuildConfiguration;
			buildSettings = {
				ALWAYS_SEARCH_USER_PATHS = NO;
				CLANG_ANALYZER_NONNULL = YES;
				CLANG_ANALYZER_NUMBER_OBJECT_CONVERSION = YES_AGGRESSIVE;
				CLANG_CXX_LANGUAGE_STANDARD = "gnu++14";
				CLANG_CXX_LIBRARY = "libc++";
				CLANG_ENABLE_MODULES = YES;
				CLANG_ENABLE_OBJC_ARC = YES;
				CLANG_ENABLE_OBJC_WEAK = YES;
				CLANG_WARN_BLOCK_CAPTURE_AUTORELEASING = YES;
				CLANG_WARN_BOOL_CONVERSION = YES;
				CLANG_WARN_COMMA = YES;
				CLANG_WARN_CONSTANT_CONVERSION = YES;
				CLANG_WARN_DEPRECATED_OBJC_IMPLEMENTATIONS = YES;
				CLANG_WARN_DIRECT_OBJC_ISA_USAGE = YES_ERROR;
				CLANG_WARN_DOCUMENTATION_COMMENTS = YES;
				CLANG_WARN_EMPTY_BODY = YES;
				CLANG_WARN_ENUM_CONVERSION = YES;
				CLANG_WARN_INFINITE_RECURSION = YES;
				CLANG_WARN_INT_CONVERSION = YES;
				CLANG_WARN_NON_LITERAL_NULL_CONVERSION = YES;
				CLANG_WARN_OBJC_IMPLICIT_RETAIN_SELF = YES;
				CLANG_WARN_OBJC_LITERAL_CONVERSION = YES;
				CLANG_WARN_OBJC_ROOT_CLASS = YES_ERROR;
				CLANG_WARN_RANGE_LOOP_ANALYSIS = YES;
				CLANG_WARN_STRICT_PROTOTYPES = YES;
				CLANG_WARN_SUSPICIOUS_MOVE = YES;
				CLANG_WARN_UNGUARDED_AVAILABILITY = YES_AGGRESSIVE;
				CLANG_WARN_UNREACHABLE_CODE = YES;
				CLANG_WARN__DUPLICATE_METHOD_MATCH = YES;
				CODE_SIGN_IDENTITY = "iPhone Developer";
				COPY_PHASE_STRIP = NO;
				DEBUG_INFORMATION_FORMAT = dwarf;
				ENABLE_STRICT_OBJC_MSGSEND = YES;
				ENABLE_TESTABILITY = YES;
				GCC_C_LANGUAGE_STANDARD = gnu11;
				GCC_DYNAMIC_NO_PIC = NO;
				GCC_NO_COMMON_BLOCKS = YES;
				GCC_OPTIMIZATION_LEVEL = 0;
				GCC_PREPROCESSOR_DEFINITIONS = (
					"DEBUG=1",
					"$(inherited)",
				);
				GCC_WARN_64_TO_32_BIT_CONVERSION = YES;
				GCC_WARN_ABOUT_RETURN_TYPE = YES_ERROR;
				GCC_WARN_UNDECLARED_SELECTOR = YES;
				GCC_WARN_UNINITIALIZED_AUTOS = YES_AGGRESSIVE;
				GCC_WARN_UNUSED_FUNCTION = YES;
				GCC_WARN_UNUSED_VARIABLE = YES;
				IPHONEOS_DEPLOYMENT_TARGET = 12.1;
				MTL_ENABLE_DEBUG_INFO = INCLUDE_SOURCE;
				MTL_FAST_MATH = YES;
				ONLY_ACTIVE_ARCH = YES;
				SDKROOT = iphoneos;
				SWIFT_ACTIVE_COMPILATION_CONDITIONS = DEBUG;
				SWIFT_OPTIMIZATION_LEVEL = "-Onone";
			};
			name = Debug;
		};
		66E95812223E4C7600AB7432 /* Release */ = {
			isa = XCBuildConfiguration;
			buildSettings = {
				ALWAYS_SEARCH_USER_PATHS = NO;
				CLANG_ANALYZER_NONNULL = YES;
				CLANG_ANALYZER_NUMBER_OBJECT_CONVERSION = YES_AGGRESSIVE;
				CLANG_CXX_LANGUAGE_STANDARD = "gnu++14";
				CLANG_CXX_LIBRARY = "libc++";
				CLANG_ENABLE_MODULES = YES;
				CLANG_ENABLE_OBJC_ARC = YES;
				CLANG_ENABLE_OBJC_WEAK = YES;
				CLANG_WARN_BLOCK_CAPTURE_AUTORELEASING = YES;
				CLANG_WARN_BOOL_CONVERSION = YES;
				CLANG_WARN_COMMA = YES;
				CLANG_WARN_CONSTANT_CONVERSION = YES;
				CLANG_WARN_DEPRECATED_OBJC_IMPLEMENTATIONS = YES;
				CLANG_WARN_DIRECT_OBJC_ISA_USAGE = YES_ERROR;
				CLANG_WARN_DOCUMENTATION_COMMENTS = YES;
				CLANG_WARN_EMPTY_BODY = YES;
				CLANG_WARN_ENUM_CONVERSION = YES;
				CLANG_WARN_INFINITE_RECURSION = YES;
				CLANG_WARN_INT_CONVERSION = YES;
				CLANG_WARN_NON_LITERAL_NULL_CONVERSION = YES;
				CLANG_WARN_OBJC_IMPLICIT_RETAIN_SELF = YES;
				CLANG_WARN_OBJC_LITERAL_CONVERSION = YES;
				CLANG_WARN_OBJC_ROOT_CLASS = YES_ERROR;
				CLANG_WARN_RANGE_LOOP_ANALYSIS = YES;
				CLANG_WARN_STRICT_PROTOTYPES = YES;
				CLANG_WARN_SUSPICIOUS_MOVE = YES;
				CLANG_WARN_UNGUARDED_AVAILABILITY = YES_AGGRESSIVE;
				CLANG_WARN_UNREACHABLE_CODE = YES;
				CLANG_WARN__DUPLICATE_METHOD_MATCH = YES;
				CODE_SIGN_IDENTITY = "iPhone Developer";
				COPY_PHASE_STRIP = NO;
				DEBUG_INFORMATION_FORMAT = "dwarf-with-dsym";
				ENABLE_NS_ASSERTIONS = NO;
				ENABLE_STRICT_OBJC_MSGSEND = YES;
				GCC_C_LANGUAGE_STANDARD = gnu11;
				GCC_NO_COMMON_BLOCKS = YES;
				GCC_WARN_64_TO_32_BIT_CONVERSION = YES;
				GCC_WARN_ABOUT_RETURN_TYPE = YES_ERROR;
				GCC_WARN_UNDECLARED_SELECTOR = YES;
				GCC_WARN_UNINITIALIZED_AUTOS = YES_AGGRESSIVE;
				GCC_WARN_UNUSED_FUNCTION = YES;
				GCC_WARN_UNUSED_VARIABLE = YES;
				IPHONEOS_DEPLOYMENT_TARGET = 12.1;
				MTL_ENABLE_DEBUG_INFO = NO;
				MTL_FAST_MATH = YES;
				SDKROOT = iphoneos;
				SWIFT_COMPILATION_MODE = wholemodule;
				SWIFT_OPTIMIZATION_LEVEL = "-O";
				VALIDATE_PRODUCT = YES;
			};
			name = Release;
		};
		66E95814223E4C7600AB7432 /* Debug */ = {
			isa = XCBuildConfiguration;
			baseConfigurationReference = DFC9A7143762F9BDEDF5A032 /* Pods-Ciklum.debug.xcconfig */;
			buildSettings = {
				ASSETCATALOG_COMPILER_APPICON_NAME = AppIcon;
				CODE_SIGN_STYLE = Automatic;
				DEVELOPMENT_TEAM = NP78NRZ4Q7;
				INFOPLIST_FILE = Ciklum/Info.plist;
				IPHONEOS_DEPLOYMENT_TARGET = 10.0;
				LD_RUNPATH_SEARCH_PATHS = (
					"$(inherited)",
					"@executable_path/Frameworks",
				);
				PRODUCT_BUNDLE_IDENTIFIER = Mikael.Melkonyan.Ciklum;
				PRODUCT_NAME = "$(TARGET_NAME)";
				SWIFT_VERSION = 4.2;
				TARGETED_DEVICE_FAMILY = 1;
			};
			name = Debug;
		};
		66E95815223E4C7600AB7432 /* Release */ = {
			isa = XCBuildConfiguration;
			baseConfigurationReference = 5A7328FA489D548F9566632D /* Pods-Ciklum.release.xcconfig */;
			buildSettings = {
				ASSETCATALOG_COMPILER_APPICON_NAME = AppIcon;
				CODE_SIGN_STYLE = Automatic;
				DEVELOPMENT_TEAM = NP78NRZ4Q7;
				INFOPLIST_FILE = Ciklum/Info.plist;
				IPHONEOS_DEPLOYMENT_TARGET = 10.0;
				LD_RUNPATH_SEARCH_PATHS = (
					"$(inherited)",
					"@executable_path/Frameworks",
				);
				PRODUCT_BUNDLE_IDENTIFIER = Mikael.Melkonyan.Ciklum;
				PRODUCT_NAME = "$(TARGET_NAME)";
				SWIFT_VERSION = 4.2;
				TARGETED_DEVICE_FAMILY = 1;
			};
			name = Release;
		};
/* End XCBuildConfiguration section */

/* Begin XCConfigurationList section */
		66E957FC223E4C7500AB7432 /* Build configuration list for PBXProject "Ciklum" */ = {
			isa = XCConfigurationList;
			buildConfigurations = (
				66E95811223E4C7600AB7432 /* Debug */,
				66E95812223E4C7600AB7432 /* Release */,
			);
			defaultConfigurationIsVisible = 0;
			defaultConfigurationName = Release;
		};
		66E95813223E4C7600AB7432 /* Build configuration list for PBXNativeTarget "Ciklum" */ = {
			isa = XCConfigurationList;
			buildConfigurations = (
				66E95814223E4C7600AB7432 /* Debug */,
				66E95815223E4C7600AB7432 /* Release */,
			);
			defaultConfigurationIsVisible = 0;
			defaultConfigurationName = Release;
		};
/* End XCConfigurationList section */
	};
	rootObject = 66E957F9223E4C7500AB7432 /* Project object */;
}
